<?xml version="1.0" encoding="utf-8"?>
<Project ToolsVersion="4.0" xmlns="http://schemas.microsoft.com/developer/msbuild/2003">
  <ItemGroup>
    <Filter Include="源文件">
      <UniqueIdentifier>{4FC737F1-C7A5-4376-A066-2A32D752A2FF}</UniqueIdentifier>
      <Extensions>cpp;c;cc;cxx;def;odl;idl;hpj;bat;asm;asmx</Extensions>
    </Filter>
    <Filter Include="头文件">
      <UniqueIdentifier>{93995380-89BD-4b04-88EB-625FBE52EBFB}</UniqueIdentifier>
      <Extensions>h;hpp;hxx;hm;inl;inc;xsd</Extensions>
    </Filter>
    <Filter Include="资源文件">
      <UniqueIdentifier>{67DA6AB6-F800-4c08-8B7A-83BB121AAD01}</UniqueIdentifier>
      <Extensions>rc;ico;cur;bmp;dlg;rc2;rct;bin;rgs;gif;jpg;jpeg;jpe;resx;tiff;tif;png;wav;mfcribbon-ms</Extensions>
    </Filter>
    <Filter Include="源文件\Common">
      <UniqueIdentifier>{f63c02b1-1302-4e39-878e-40746065a77b}</UniqueIdentifier>
    </Filter>
    <Filter Include="头文件\Common">
      <UniqueIdentifier>{57e18fb9-a175-4ab1-9299-7a1716a63e8d}</UniqueIdentifier>
    </Filter>
    <Filter Include="源文件\TestModule">
      <UniqueIdentifier>{0f145bc2-cdaa-4982-98d4-335341dde9a8}</UniqueIdentifier>
    </Filter>
    <Filter Include="头文件\TestModule">
      <UniqueIdentifier>{c2e88f1c-2d88-40c9-8800-b418d251279f}</UniqueIdentifier>
    </Filter>
    <Filter Include="Shader">
      <UniqueIdentifier>{670ebb85-b853-4238-9927-83c5735ef399}</UniqueIdentifier>
    </Filter>
    <Filter Include="头文件\AppTriangle">
      <UniqueIdentifier>{96ad91cb-7208-45c7-8a81-2eae38eb2bf0}</UniqueIdentifier>
    </Filter>
    <Filter Include="源文件\AppTriangle">
      <UniqueIdentifier>{676e3f35-e24c-4cfc-92e5-36498d19c8c3}</UniqueIdentifier>
    </Filter>
    <Filter Include="Shader\TriangleShader">
      <UniqueIdentifier>{3093521e-b341-4de9-a3f2-8467cbf2a7ab}</UniqueIdentifier>
    </Filter>
    <Filter Include="头文件\AppTexture">
      <UniqueIdentifier>{ff530938-0f66-4734-a973-5de158868e32}</UniqueIdentifier>
    </Filter>
    <Filter Include="源文件\AppTexture">
      <UniqueIdentifier>{05c4dc94-bd8f-4cae-a708-e5892d476e83}</UniqueIdentifier>
    </Filter>
    <Filter Include="Shader\Texture">
      <UniqueIdentifier>{50aa6af8-5403-4d8d-94e6-5af020ac6d38}</UniqueIdentifier>
    </Filter>
    <Filter Include="源文件\AppTransform">
      <UniqueIdentifier>{7e100fc3-ed52-4000-803f-3f0f2d559ea9}</UniqueIdentifier>
    </Filter>
    <Filter Include="头文件\AppTransform">
      <UniqueIdentifier>{f43adc51-ec19-45c3-86bb-828c4bd66f52}</UniqueIdentifier>
    </Filter>
    <Filter Include="Shader\Transform">
      <UniqueIdentifier>{7812a91d-d13a-44b4-8e0d-1c4ef1ec50ce}</UniqueIdentifier>
    </Filter>
    <Filter Include="头文件\AppCoordinate">
      <UniqueIdentifier>{034c53e6-1378-4db4-aba2-abeab2549f63}</UniqueIdentifier>
    </Filter>
    <Filter Include="源文件\AppCoordinate">
      <UniqueIdentifier>{124e9d76-c2dd-45d8-a9af-160e45e65b18}</UniqueIdentifier>
    </Filter>
    <Filter Include="Shader\Coordinate">
      <UniqueIdentifier>{8e90d223-ebfe-434e-ac73-8242b17b9a9f}</UniqueIdentifier>
    </Filter>
    <Filter Include="头文件\AppCamera">
      <UniqueIdentifier>{06a7b3aa-95bf-4be3-9c14-22e21e40e102}</UniqueIdentifier>
    </Filter>
    <Filter Include="源文件\AppCamera">
      <UniqueIdentifier>{2f34333e-854b-4102-8a25-e83127c19121}</UniqueIdentifier>
    </Filter>
    <Filter Include="Shader\Light">
      <UniqueIdentifier>{1e659281-3871-4493-a7a7-746699490dcd}</UniqueIdentifier>
    </Filter>
    <Filter Include="头文件\AppLight">
      <UniqueIdentifier>{221e2f35-9b90-4c94-a4ce-124cf0679306}</UniqueIdentifier>
    </Filter>
    <Filter Include="源文件\AppLight">
      <UniqueIdentifier>{45ed9dbb-4eab-4d3b-9230-7046cd20d55b}</UniqueIdentifier>
    </Filter>
    <Filter Include="Shader\Light\LightMaps">
      <UniqueIdentifier>{751d956c-084f-494c-ac0e-37dac96ae219}</UniqueIdentifier>
    </Filter>
    <Filter Include="Shader\Light\LightCaster">
      <UniqueIdentifier>{986b4307-312e-4b6f-b662-45a058e3df55}</UniqueIdentifier>
    </Filter>
    <Filter Include="头文件\Data">
      <UniqueIdentifier>{c86f067a-6107-494b-82b6-f2e624e0be72}</UniqueIdentifier>
    </Filter>
    <Filter Include="源文件\Data">
      <UniqueIdentifier>{c13f1962-6634-4c9c-a194-208ed4260dca}</UniqueIdentifier>
    </Filter>
  </ItemGroup>
  <ItemGroup>
    <ClCompile Include="main.cpp">
      <Filter>源文件</Filter>
    </ClCompile>
    <ClCompile Include="..\Common\window_backend.cpp">
      <Filter>源文件\Common</Filter>
    </ClCompile>
    <ClCompile Include="..\src\AppTest.cpp">
      <Filter>源文件\TestModule</Filter>
    </ClCompile>
    <ClCompile Include="..\src\shader_basic.cpp">
      <Filter>源文件\Common</Filter>
    </ClCompile>
    <ClCompile Include="..\Common\basic_util.cpp">
      <Filter>源文件\Common</Filter>
    </ClCompile>
    <ClCompile Include="..\src\SimpleTriangle.cpp">
      <Filter>源文件\AppTriangle</Filter>
    </ClCompile>
    <ClCompile Include="..\src\ShaderTriangle.cpp">
      <Filter>源文件\AppTriangle</Filter>
    </ClCompile>
    <ClCompile Include="..\src\TextureTest.cpp">
      <Filter>源文件\AppTexture</Filter>
    </ClCompile>
    <ClCompile Include="..\Common\lib_texture.cpp">
      <Filter>源文件\Common</Filter>
    </ClCompile>
    <ClCompile Include="..\src\TransformTest.cpp">
      <Filter>源文件\AppTransform</Filter>
    </ClCompile>
    <ClCompile Include="..\Common\lib_transform.cpp">
      <Filter>源文件\Common</Filter>
    </ClCompile>
    <ClCompile Include="..\src\CoordinateTest.cpp">
      <Filter>源文件\AppCoordinate</Filter>
    </ClCompile>
    <ClCompile Include="..\Common\lib_math.cpp">
      <Filter>源文件\Common</Filter>
    </ClCompile>
    <ClCompile Include="..\src\CameraTest.cpp">
      <Filter>源文件\AppCamera</Filter>
    </ClCompile>
    <ClCompile Include="..\Common\lib_camera.cpp">
      <Filter>源文件\Common</Filter>
    </ClCompile>
    <ClCompile Include="..\src\LightTest.cpp">
      <Filter>源文件\AppLight</Filter>
    </ClCompile>
    <ClCompile Include="..\src\LightingMaps.cpp">
      <Filter>源文件\AppLight</Filter>
    </ClCompile>
    <ClCompile Include="..\src\LightCaster.cpp">
      <Filter>源文件\AppLight</Filter>
    </ClCompile>
    <ClCompile Include="..\src\GlobalData.cpp">
      <Filter>源文件\Data</Filter>
    </ClCompile>
  </ItemGroup>
  <ItemGroup>
    <ClInclude Include="..\Include\Common\window_backend.h">
      <Filter>头文件\Common</Filter>
    </ClInclude>
    <ClInclude Include="..\Include\Common\app_callbacks.h">
      <Filter>头文件\Common</Filter>
    </ClInclude>
    <ClInclude Include="..\Include\AppTest.h">
      <Filter>头文件\TestModule</Filter>
    </ClInclude>
    <ClInclude Include="..\Include\Common\shader_basic.h">
      <Filter>头文件\Common</Filter>
    </ClInclude>
    <ClInclude Include="..\Include\Common\basic_util.h">
      <Filter>头文件\Common</Filter>
    </ClInclude>
    <ClInclude Include="..\Include\Common\shader_const.h">
      <Filter>头文件\Common</Filter>
    </ClInclude>
    <ClInclude Include="..\Include\SimpleTriangle.h">
      <Filter>头文件\AppTriangle</Filter>
    </ClInclude>
    <ClInclude Include="..\Include\ShaderTriangle.h">
      <Filter>头文件\AppTriangle</Filter>
    </ClInclude>
    <ClInclude Include="..\Include\Common\stb_image.h">
      <Filter>头文件\Common</Filter>
    </ClInclude>
    <ClInclude Include="..\Include\TextureTest.h">
      <Filter>头文件\AppTexture</Filter>
    </ClInclude>
    <ClInclude Include="..\Include\Common\lib_texture.h">
      <Filter>头文件\Common</Filter>
    </ClInclude>
    <ClInclude Include="..\Include\Common\lib_transform.h">
      <Filter>头文件\Common</Filter>
    </ClInclude>
    <ClInclude Include="..\Include\TransformTest.h">
      <Filter>头文件\AppTransform</Filter>
    </ClInclude>
    <ClInclude Include="..\Include\CoordinateTest.h">
      <Filter>头文件\AppCoordinate</Filter>
    </ClInclude>
    <ClInclude Include="..\Include\Common\lib_math.h">
      <Filter>头文件\Common</Filter>
    </ClInclude>
    <ClInclude Include="..\Include\CameraTest.h">
      <Filter>头文件\AppCamera</Filter>
    </ClInclude>
    <ClInclude Include="..\Include\Common\lib_camera.h">
      <Filter>头文件\Common</Filter>
    </ClInclude>
    <ClInclude Include="..\Include\LightTest.h">
      <Filter>头文件\AppLight</Filter>
    </ClInclude>
    <ClInclude Include="..\Include\LightingMaps.h">
      <Filter>头文件\AppLight</Filter>
    </ClInclude>
    <ClInclude Include="..\Include\LightCaster.h">
      <Filter>头文件\AppLight</Filter>
    </ClInclude>
    <ClInclude Include="..\Include\GlobalData.h">
      <Filter>头文件\Data</Filter>
    </ClInclude>
  </ItemGroup>
  <ItemGroup>
    <None Include="..\Shader\triangle.fs">
      <Filter>Shader\TriangleShader</Filter>
    </None>
    <None Include="..\Shader\triangle.vs">
      <Filter>Shader\TriangleShader</Filter>
    </None>
    <None Include="..\Shader\simple_texture_test.vs">
      <Filter>Shader\Texture</Filter>
    </None>
    <None Include="..\Shader\simple_texture_test.fs">
      <Filter>Shader\Texture</Filter>
    </None>
    <None Include="..\Shader\multi_texture_test.fs">
      <Filter>Shader\Texture</Filter>
    </None>
    <None Include="..\Shader\multi_texture_transform_test.vs">
      <Filter>Shader\Transform</Filter>
    </None>
    <None Include="..\Shader\multi_texture_coordinate_test.vs">
      <Filter>Shader\Coordinate</Filter>
    </None>
    <None Include="..\Shader\cube_with_color.fs">
      <Filter>Shader\Coordinate</Filter>
    </None>
    <None Include="..\Shader\cube_with_color.vs">
      <Filter>Shader\Coordinate</Filter>
    </None>
    <None Include="..\Shader\cube_no_color.vs">
      <Filter>Shader\Coordinate</Filter>
    </None>
    <None Include="..\Shader\cube_no_color.fs">
      <Filter>Shader\Coordinate</Filter>
    </None>
    <None Include="..\Shader\light_cube_01.vs">
      <Filter>Shader\Light</Filter>
    </None>
    <None Include="..\Shader\light_cube_01.fs">
      <Filter>Shader\Light</Filter>
    </None>
    <None Include="..\Shader\light_lamb_01.vs">
      <Filter>Shader\Light</Filter>
    </None>
    <None Include="..\Shader\light_lamb_01.fs">
      <Filter>Shader\Light</Filter>
    </None>
    <None Include="..\Shader\light_cube_02.fs">
      <Filter>Shader\Light</Filter>
    </None>
    <None Include="..\Shader\light_cube_02.vs">
      <Filter>Shader\Light</Filter>
    </None>
    <None Include="..\Shader\light_gouraud_cube_02.vs">
      <Filter>Shader\Light</Filter>
    </None>
    <None Include="..\Shader\light_gouraud_cube_02.fs">
      <Filter>Shader\Light</Filter>
    </None>
    <None Include="..\Shader\light_material_cube.vs">
      <Filter>Shader\Light</Filter>
    </None>
    <None Include="..\Shader\light_material_cube.fs">
      <Filter>Shader\Light</Filter>
    </None>
    <None Include="..\Shader\lightmaps_cube.vs">
      <Filter>Shader\Light\LightMaps</Filter>
    </None>
    <None Include="..\Shader\lightmaps_cube.fs">
      <Filter>Shader\Light\LightMaps</Filter>
    </None>
    <None Include="..\Shader\light_caster.fs">
      <Filter>Shader\Light\LightCaster</Filter>
    </None>
    <None Include="..\Shader\light_caster.vs">
      <Filter>Shader\Light\LightCaster</Filter>
    </None>
    <None Include="..\Shader\point_light_caster.vs">
      <Filter>Shader\Light\LightCaster</Filter>
    </None>
    <None Include="..\Shader\point_light_caster.fs">
      <Filter>Shader\Light\LightCaster</Filter>
    </None>
    <None Include="..\Shader\spot_light_caster.vs">
      <Filter>Shader\Light\LightCaster</Filter>
    </None>
    <None Include="..\Shader\spot_light_caster.fs">
      <Filter>Shader\Light\LightCaster</Filter>
    </None>
    <None Include="..\Shader\spot_light_caster_02.vs">
      <Filter>Shader\Light\LightCaster</Filter>
    </None>
    <None Include="..\Shader\spot_light_caster_02.fs">
      <Filter>Shader\Light\LightCaster</Filter>
    </None>
  </ItemGroup>
</Project>